
Microsoft Visual Studio Solution File, Format Version 12.00
# Visual Studio 15
VisualStudioVersion = 15.0.27428.2002
MinimumVisualStudioVersion = 10.0.40219.1
Project("{FAE04EC0-301F-11D3-BF4B-00C04F79EFBC}") = "GameUI05", "GameUI05\GameUI05.csproj", "{01CAA76A-3436-4E2F-8CEB-97043620947D}"
EndProject
Project("{FAE04EC0-301F-11D3-BF4B-00C04F79EFBC}") = "GameLogic", "GameLogic\GameLogic.csproj", "{915163C2-6766-416B-81FF-32FD95EC39BA}"
EndProject
Global
	GlobalSection(SolutionConfigurationPlatforms) = preSolution
		Debug|Any CPU = Debug|Any CPU
		Release|Any CPU = Release|Any CPU
	EndGlobalSection
	GlobalSection(ProjectConfigurationPlatforms) = postSolution
		{01CAA76A-3436-4E2F-8CEB-97043620947D}.Debug|Any CPU.ActiveCfg = Debug|Any CPU
		{01CAA76A-3436-4E2F-8CEB-97043620947D}.Debug|Any CPU.Build.0 = Debug|Any CPU
		{01CAA76A-3436-4E2F-8CEB-97043620947D}.Release|Any CPU.ActiveCfg = Release|Any CPU
		{01CAA76A-3436-4E2F-8CEB-97043620947D}.Release|Any CPU.Build.0 = Release|Any CPU
		{915163C2-6766-416B-81FF-32FD95EC39BA}.Debug|Any CPU.ActiveCfg = Debug|Any CPU
		{915163C2-6766-416B-81FF-32FD95EC39BA}.Debug|Any CPU.Build.0 = Debug|Any CPU
		{915163C2-6766-416B-81FF-32FD95EC39BA}.Release|Any CPU.ActiveCfg = Release|Any CPU
		{915163C2-6766-416B-81FF-32FD95EC39BA}.Release|Any CPU.Build.0 = Release|Any CPU
	EndGlobalSection
	GlobalSection(SolutionProperties) = preSolution
		HideSolutionNode = FALSE
	EndGlobalSection
	GlobalSection(ExtensibilityGlobals) = postSolution
		SolutionGuid = {86E2E46B-7B56-40AA-9E55-D94D83A46A08}
	EndGlobalSection
EndGlobal
